
Microsoft Visual Studio Solution File, Format Version 12.00
# Visual Studio Version 17
VisualStudioVersion = 17.4.33213.308
MinimumVisualStudioVersion = 10.0.40219.1
Project("{FAE04EC0-301F-11D3-BF4B-00C04F79EFBC}") = "Lesson14", "Lesson14\Lesson14.csproj", "{06F99674-77FB-407B-A5CE-FBC089249796}"
EndProject
Global
	GlobalSection(SolutionConfigurationPlatforms) = preSolution
		Debug|Any CPU = Debug|Any CPU
		Release|Any CPU = Release|Any CPU
	EndGlobalSection
	GlobalSection(ProjectConfigurationPlatforms) = postSolution
		{06F99674-77FB-407B-A5CE-FBC089249796}.Debug|Any CPU.ActiveCfg = Debug|Any CPU
		{06F99674-77FB-407B-A5CE-FBC089249796}.Debug|Any CPU.Build.0 = Debug|Any CPU
		{06F99674-77FB-407B-A5CE-FBC089249796}.Release|Any CPU.ActiveCfg = Release|Any CPU
		{06F99674-77FB-407B-A5CE-FBC089249796}.Release|Any CPU.Build.0 = Release|Any CPU
	EndGlobalSection
	GlobalSection(SolutionProperties) = preSolution
		HideSolutionNode = FALSE
	EndGlobalSection
	GlobalSection(ExtensibilityGlobals) = postSolution
		SolutionGuid = {83812E2B-4753-4418-9923-FF4AEB26B281}
	EndGlobalSection
EndGlobal
