
Microsoft Visual Studio Solution File, Format Version 12.00
# Visual Studio Version 17
VisualStudioVersion = 17.4.33213.308
MinimumVisualStudioVersion = 10.0.40219.1
Project("{FAE04EC0-301F-11D3-BF4B-00C04F79EFBC}") = "Lesson12", "Lesson12\Lesson12.csproj", "{4302ECAA-6B40-4506-B92C-CBC132F14324}"
EndProject
Global
	GlobalSection(SolutionConfigurationPlatforms) = preSolution
		Debug|Any CPU = Debug|Any CPU
		Release|Any CPU = Release|Any CPU
	EndGlobalSection
	GlobalSection(ProjectConfigurationPlatforms) = postSolution
		{4302ECAA-6B40-4506-B92C-CBC132F14324}.Debug|Any CPU.ActiveCfg = Debug|Any CPU
		{4302ECAA-6B40-4506-B92C-CBC132F14324}.Debug|Any CPU.Build.0 = Debug|Any CPU
		{4302ECAA-6B40-4506-B92C-CBC132F14324}.Release|Any CPU.ActiveCfg = Release|Any CPU
		{4302ECAA-6B40-4506-B92C-CBC132F14324}.Release|Any CPU.Build.0 = Release|Any CPU
	EndGlobalSection
	GlobalSection(SolutionProperties) = preSolution
		HideSolutionNode = FALSE
	EndGlobalSection
	GlobalSection(ExtensibilityGlobals) = postSolution
		SolutionGuid = {47BEC66A-3DDA-41F4-B101-0BA60565BA76}
	EndGlobalSection
EndGlobal
